
Microsoft Visual Studio Solution File, Format Version 12.00
# Visual Studio Version 17
VisualStudioVersion = 17.0.31903.59
MinimumVisualStudioVersion = 10.0.40219.1
Project("{FAE04EC0-301F-11D3-BF4B-00C04F79EFBC}") = "LevelOne", "LevelOne\LevelOne.csproj", "{C237BB55-EE0D-4D79-8C2B-47A9E405EAF4}"
EndProject
Project("{FAE04EC0-301F-11D3-BF4B-00C04F79EFBC}") = "SoGoodLib", "SoGoodLib\SoGoodLib.csproj", "{70A5E661-2A1F-41F1-8C1A-94BF25F055B1}"
EndProject
Project("{FAE04EC0-301F-11D3-BF4B-00C04F79EFBC}") = "WorkerTable", "WorkerTable\WorkerTable.csproj", "{7D61BE10-0F0D-4C04-AC35-31E49035E218}"
EndProject
Global
	GlobalSection(SolutionConfigurationPlatforms) = preSolution
		Debug|Any CPU = Debug|Any CPU
		Release|Any CPU = Release|Any CPU
	EndGlobalSection
	GlobalSection(SolutionProperties) = preSolution
		HideSolutionNode = FALSE
	EndGlobalSection
	GlobalSection(ProjectConfigurationPlatforms) = postSolution
		{C237BB55-EE0D-4D79-8C2B-47A9E405EAF4}.Debug|Any CPU.ActiveCfg = Debug|Any CPU
		{C237BB55-EE0D-4D79-8C2B-47A9E405EAF4}.Debug|Any CPU.Build.0 = Debug|Any CPU
		{C237BB55-EE0D-4D79-8C2B-47A9E405EAF4}.Release|Any CPU.ActiveCfg = Release|Any CPU
		{C237BB55-EE0D-4D79-8C2B-47A9E405EAF4}.Release|Any CPU.Build.0 = Release|Any CPU
		{70A5E661-2A1F-41F1-8C1A-94BF25F055B1}.Debug|Any CPU.ActiveCfg = Debug|Any CPU
		{70A5E661-2A1F-41F1-8C1A-94BF25F055B1}.Debug|Any CPU.Build.0 = Debug|Any CPU
		{70A5E661-2A1F-41F1-8C1A-94BF25F055B1}.Release|Any CPU.ActiveCfg = Release|Any CPU
		{70A5E661-2A1F-41F1-8C1A-94BF25F055B1}.Release|Any CPU.Build.0 = Release|Any CPU
		{7D61BE10-0F0D-4C04-AC35-31E49035E218}.Debug|Any CPU.ActiveCfg = Debug|Any CPU
		{7D61BE10-0F0D-4C04-AC35-31E49035E218}.Debug|Any CPU.Build.0 = Debug|Any CPU
		{7D61BE10-0F0D-4C04-AC35-31E49035E218}.Release|Any CPU.ActiveCfg = Release|Any CPU
		{7D61BE10-0F0D-4C04-AC35-31E49035E218}.Release|Any CPU.Build.0 = Release|Any CPU
	EndGlobalSection
EndGlobal
